
Microsoft Visual Studio Solution File, Format Version 12.00
# Visual Studio Version 17
VisualStudioVersion = 17.1.32210.238
MinimumVisualStudioVersion = 10.0.40219.1
Project("{9A19103F-16F7-4668-BE54-9A1E7A4F7556}") = "EF_School_DB-Managment", "EF_School_DB-Managment.csproj", "{D688F92B-21AB-44CA-8137-59A52FEACDD2}"
EndProject
Global
	GlobalSection(SolutionConfigurationPlatforms) = preSolution
		Debug|Any CPU = Debug|Any CPU
		Release|Any CPU = Release|Any CPU
	EndGlobalSection
	GlobalSection(ProjectConfigurationPlatforms) = postSolution
		{D688F92B-21AB-44CA-8137-59A52FEACDD2}.Debug|Any CPU.ActiveCfg = Debug|Any CPU
		{D688F92B-21AB-44CA-8137-59A52FEACDD2}.Debug|Any CPU.Build.0 = Debug|Any CPU
		{D688F92B-21AB-44CA-8137-59A52FEACDD2}.Release|Any CPU.ActiveCfg = Release|Any CPU
		{D688F92B-21AB-44CA-8137-59A52FEACDD2}.Release|Any CPU.Build.0 = Release|Any CPU
	EndGlobalSection
	GlobalSection(SolutionProperties) = preSolution
		HideSolutionNode = FALSE
	EndGlobalSection
	GlobalSection(ExtensibilityGlobals) = postSolution
		SolutionGuid = {3330E84A-F3A0-489B-836D-6DE74D93C02E}
	EndGlobalSection
EndGlobal
